// !$*UTF8*$!
{
	archiveVersion = 1;
	classes = {
	};
	objectVersion = 56;
	objects = {

/* Begin PBXBuildFile section */
		2E5DDB752AF403FF0021FF64 /* Bag.swift in Sources */ = {isa = PBXBuildFile; fileRef = 2E5DDB742AF403FF0021FF64 /* Bag.swift */; };
		2E81DB082AF86024004BD934 /* Departments.swift in Sources */ = {isa = PBXBuildFile; fileRef = 2E81DB072AF86024004BD934 /* Departments.swift */; };
		2E81DB0A2B009CDA004BD934 /* selection_options.json in Resources */ = {isa = PBXBuildFile; fileRef = 2E81DB092B009CDA004BD934 /* selection_options.json */; };
		2EE9DC932AF6DB9F004A668C /* Person.swift in Sources */ = {isa = PBXBuildFile; fileRef = 2EE9DC922AF6DB9F004A668C /* Person.swift */; };
		B62F88182AF355E50084C733 /* eDepositBagApp.swift in Sources */ = {isa = PBXBuildFile; fileRef = B62F88172AF355E50084C733 /* eDepositBagApp.swift */; };
		B62F881A2AF355E50084C733 /* ContentView.swift in Sources */ = {isa = PBXBuildFile; fileRef = B62F88192AF355E50084C733 /* ContentView.swift */; };
		B62F881C2AF355E50084C733 /* Assets.xcassets in Resources */ = {isa = PBXBuildFile; fileRef = B62F881B2AF355E50084C733 /* Assets.xcassets */; };
		B62F881F2AF355E50084C733 /* Preview Assets.xcassets in Resources */ = {isa = PBXBuildFile; fileRef = B62F881E2AF355E50084C733 /* Preview Assets.xcassets */; };
		B63E38E22AF3643A0024AEB6 /* Screen2ProfileEdit.swift in Sources */ = {isa = PBXBuildFile; fileRef = B63E38E12AF3643A0024AEB6 /* Screen2ProfileEdit.swift */; };
		B63E38E42AF3645B0024AEB6 /* Screen3BagInfoEdit.swift in Sources */ = {isa = PBXBuildFile; fileRef = B63E38E32AF3645B0024AEB6 /* Screen3BagInfoEdit.swift */; };
		B63E38E62AF3649A0024AEB6 /* Screen4AskScanBarcode.swift in Sources */ = {isa = PBXBuildFile; fileRef = B63E38E52AF3649A0024AEB6 /* Screen4AskScanBarcode.swift */; };
		B63E38E82AF365370024AEB6 /* Screen5FileScan.swift in Sources */ = {isa = PBXBuildFile; fileRef = B63E38E72AF365370024AEB6 /* Screen5FileScan.swift */; };
		B63E38ED2AF377BB0024AEB6 /* BarcodeScan.swift in Sources */ = {isa = PBXBuildFile; fileRef = B63E38EC2AF377BB0024AEB6 /* BarcodeScan.swift */; };
		B63E38EF2AF377CB0024AEB6 /* DocScan.swift in Sources */ = {isa = PBXBuildFile; fileRef = B63E38EE2AF377CB0024AEB6 /* DocScan.swift */; };
		B63E38F12AF3867E0024AEB6 /* Screen6Submit.swift in Sources */ = {isa = PBXBuildFile; fileRef = B63E38F02AF3867E0024AEB6 /* Screen6Submit.swift */; };
/* End PBXBuildFile section */

/* Begin PBXFileReference section */
		2E5DDB742AF403FF0021FF64 /* Bag.swift */ = {isa = PBXFileReference; lastKnownFileType = sourcecode.swift; path = Bag.swift; sourceTree = SOURCE_ROOT; };
		2E81DB072AF86024004BD934 /* Departments.swift */ = {isa = PBXFileReference; lastKnownFileType = sourcecode.swift; path = Departments.swift; sourceTree = "<group>"; };
		2E81DB092B009CDA004BD934 /* selection_options.json */ = {isa = PBXFileReference; lastKnownFileType = text.json; path = selection_options.json; sourceTree = "<group>"; };
		2EE9DC922AF6DB9F004A668C /* Person.swift */ = {isa = PBXFileReference; lastKnownFileType = sourcecode.swift; path = Person.swift; sourceTree = SOURCE_ROOT; };
		B62F88142AF355E50084C733 /* eDepositBag.app */ = {isa = PBXFileReference; explicitFileType = wrapper.application; includeInIndex = 0; path = eDepositBag.app; sourceTree = BUILT_PRODUCTS_DIR; };
		B62F88172AF355E50084C733 /* eDepositBagApp.swift */ = {isa = PBXFileReference; lastKnownFileType = sourcecode.swift; path = eDepositBagApp.swift; sourceTree = "<group>"; };
		B62F88192AF355E50084C733 /* ContentView.swift */ = {isa = PBXFileReference; lastKnownFileType = sourcecode.swift; path = ContentView.swift; sourceTree = "<group>"; };
		B62F881B2AF355E50084C733 /* Assets.xcassets */ = {isa = PBXFileReference; lastKnownFileType = folder.assetcatalog; path = Assets.xcassets; sourceTree = "<group>"; };
		B62F881E2AF355E50084C733 /* Preview Assets.xcassets */ = {isa = PBXFileReference; lastKnownFileType = folder.assetcatalog; path = "Preview Assets.xcassets"; sourceTree = "<group>"; };
		B63E38E12AF3643A0024AEB6 /* Screen2ProfileEdit.swift */ = {isa = PBXFileReference; lastKnownFileType = sourcecode.swift; path = Screen2ProfileEdit.swift; sourceTree = "<group>"; };
		B63E38E32AF3645B0024AEB6 /* Screen3BagInfoEdit.swift */ = {isa = PBXFileReference; lastKnownFileType = sourcecode.swift; path = Screen3BagInfoEdit.swift; sourceTree = "<group>"; };
		B63E38E52AF3649A0024AEB6 /* Screen4AskScanBarcode.swift */ = {isa = PBXFileReference; lastKnownFileType = sourcecode.swift; path = Screen4AskScanBarcode.swift; sourceTree = "<group>"; };
		B63E38E72AF365370024AEB6 /* Screen5FileScan.swift */ = {isa = PBXFileReference; lastKnownFileType = sourcecode.swift; path = Screen5FileScan.swift; sourceTree = "<group>"; };
		B63E38EC2AF377BB0024AEB6 /* BarcodeScan.swift */ = {isa = PBXFileReference; lastKnownFileType = sourcecode.swift; path = BarcodeScan.swift; sourceTree = "<group>"; };
		B63E38EE2AF377CB0024AEB6 /* DocScan.swift */ = {isa = PBXFileReference; lastKnownFileType = sourcecode.swift; path = DocScan.swift; sourceTree = "<group>"; };
		B63E38F02AF3867E0024AEB6 /* Screen6Submit.swift */ = {isa = PBXFileReference; lastKnownFileType = sourcecode.swift; path = Screen6Submit.swift; sourceTree = "<group>"; };
/* End PBXFileReference section */

/* Begin PBXFrameworksBuildPhase section */
		B62F88112AF355E50084C733 /* Frameworks */ = {
			isa = PBXFrameworksBuildPhase;
			buildActionMask = 2147483647;
			files = (
			);
			runOnlyForDeploymentPostprocessing = 0;
		};
/* End PBXFrameworksBuildPhase section */

/* Begin PBXGroup section */
		2E81DB062AF85FFF004BD934 /* LocationValues */ = {
			isa = PBXGroup;
			children = (
				2E81DB072AF86024004BD934 /* Departments.swift */,
			);
			path = LocationValues;
			sourceTree = "<group>";
		};
		B62F880B2AF355E50084C733 = {
			isa = PBXGroup;
			children = (
				B62F88162AF355E50084C733 /* eDepositBag */,
				B62F88152AF355E50084C733 /* Products */,
			);
			sourceTree = "<group>";
		};
		B62F88152AF355E50084C733 /* Products */ = {
			isa = PBXGroup;
			children = (
				B62F88142AF355E50084C733 /* eDepositBag.app */,
			);
			name = Products;
			sourceTree = "<group>";
		};
		B62F88162AF355E50084C733 /* eDepositBag */ = {
			isa = PBXGroup;
			children = (
				B63E38CA2AF357240024AEB6 /* View */,
				B63E38C92AF3571C0024AEB6 /* Model */,
				B62F88172AF355E50084C733 /* eDepositBagApp.swift */,
				B62F88192AF355E50084C733 /* ContentView.swift */,
				B62F881B2AF355E50084C733 /* Assets.xcassets */,
				B62F881D2AF355E50084C733 /* Preview Content */,
			);
			path = eDepositBag;
			sourceTree = "<group>";
		};
		B62F881D2AF355E50084C733 /* Preview Content */ = {
			isa = PBXGroup;
			children = (
				B62F881E2AF355E50084C733 /* Preview Assets.xcassets */,
			);
			path = "Preview Content";
			sourceTree = "<group>";
		};
		B63E38C92AF3571C0024AEB6 /* Model */ = {
			isa = PBXGroup;
			children = (
				2E81DB062AF85FFF004BD934 /* LocationValues */,
				2E5DDB742AF403FF0021FF64 /* Bag.swift */,
				2EE9DC922AF6DB9F004A668C /* Person.swift */,
				2E81DB092B009CDA004BD934 /* selection_options.json */,
			);
			path = Model;
			sourceTree = "<group>";
		};
		B63E38CA2AF357240024AEB6 /* View */ = {
			isa = PBXGroup;
			children = (
				B63E38CC2AF35EE30024AEB6 /* EditProfile */,
				B63E38CD2AF35F780024AEB6 /* EditBag */,
				B63E38D52AF361A60024AEB6 /* FileScan */,
				B63E38F22AF390980024AEB6 /* Submit */,
			);
			path = View;
			sourceTree = "<group>";
		};
		B63E38CC2AF35EE30024AEB6 /* EditProfile */ = {
			isa = PBXGroup;
			children = (
				B63E38E12AF3643A0024AEB6 /* Screen2ProfileEdit.swift */,
			);
			path = EditProfile;
			sourceTree = "<group>";
		};
		B63E38CD2AF35F780024AEB6 /* EditBag */ = {
			isa = PBXGroup;
			children = (
				B63E38E32AF3645B0024AEB6 /* Screen3BagInfoEdit.swift */,
				B63E38E52AF3649A0024AEB6 /* Screen4AskScanBarcode.swift */,
				B63E38EC2AF377BB0024AEB6 /* BarcodeScan.swift */,
			);
			path = EditBag;
			sourceTree = "<group>";
		};
		B63E38D52AF361A60024AEB6 /* FileScan */ = {
			isa = PBXGroup;
			children = (
				B63E38E72AF365370024AEB6 /* Screen5FileScan.swift */,
				B63E38EE2AF377CB0024AEB6 /* DocScan.swift */,
			);
			path = FileScan;
			sourceTree = "<group>";
		};
		B63E38F22AF390980024AEB6 /* Submit */ = {
			isa = PBXGroup;
			children = (
				B63E38F02AF3867E0024AEB6 /* Screen6Submit.swift */,
			);
			path = Submit;
			sourceTree = "<group>";
		};
/* End PBXGroup section */

/* Begin PBXNativeTarget section */
		B62F88132AF355E50084C733 /* eDepositBag */ = {
			isa = PBXNativeTarget;
			buildConfigurationList = B62F88222AF355E50084C733 /* Build configuration list for PBXNativeTarget "eDepositBag" */;
			buildPhases = (
				B62F88102AF355E50084C733 /* Sources */,
				B62F88112AF355E50084C733 /* Frameworks */,
				B62F88122AF355E50084C733 /* Resources */,
			);
			buildRules = (
			);
			dependencies = (
			);
			name = eDepositBag;
			productName = eDepositBag;
			productReference = B62F88142AF355E50084C733 /* eDepositBag.app */;
			productType = "com.apple.product-type.application";
		};
/* End PBXNativeTarget section */

/* Begin PBXProject section */
		B62F880C2AF355E50084C733 /* Project object */ = {
			isa = PBXProject;
			attributes = {
				BuildIndependentTargetsInParallel = 1;
				LastSwiftUpdateCheck = 1430;
				LastUpgradeCheck = 1500;
				TargetAttributes = {
					B62F88132AF355E50084C733 = {
						CreatedOnToolsVersion = 14.3.1;
					};
				};
			};
			buildConfigurationList = B62F880F2AF355E50084C733 /* Build configuration list for PBXProject "eDepositBag" */;
			compatibilityVersion = "Xcode 14.0";
			developmentRegion = en;
			hasScannedForEncodings = 0;
			knownRegions = (
				en,
				Base,
			);
			mainGroup = B62F880B2AF355E50084C733;
			productRefGroup = B62F88152AF355E50084C733 /* Products */;
			projectDirPath = "";
			projectRoot = "";
			targets = (
				B62F88132AF355E50084C733 /* eDepositBag */,
			);
		};
/* End PBXProject section */

/* Begin PBXResourcesBuildPhase section */
		B62F88122AF355E50084C733 /* Resources */ = {
			isa = PBXResourcesBuildPhase;
			buildActionMask = 2147483647;
			files = (
				B62F881F2AF355E50084C733 /* Preview Assets.xcassets in Resources */,
				2E81DB0A2B009CDA004BD934 /* selection_options.json in Resources */,
				B62F881C2AF355E50084C733 /* Assets.xcassets in Resources */,
			);
			runOnlyForDeploymentPostprocessing = 0;
		};
/* End PBXResourcesBuildPhase section */

/* Begin PBXSourcesBuildPhase section */
		B62F88102AF355E50084C733 /* Sources */ = {
			isa = PBXSourcesBuildPhase;
			buildActionMask = 2147483647;
			files = (
				2E5DDB752AF403FF0021FF64 /* Bag.swift in Sources */,
				B63E38E82AF365370024AEB6 /* Screen5FileScan.swift in Sources */,
				B63E38E42AF3645B0024AEB6 /* Screen3BagInfoEdit.swift in Sources */,
				B62F881A2AF355E50084C733 /* ContentView.swift in Sources */,
				2EE9DC932AF6DB9F004A668C /* Person.swift in Sources */,
				B63E38EF2AF377CB0024AEB6 /* DocScan.swift in Sources */,
				B63E38E22AF3643A0024AEB6 /* Screen2ProfileEdit.swift in Sources */,
				B63E38E62AF3649A0024AEB6 /* Screen4AskScanBarcode.swift in Sources */,
				B63E38ED2AF377BB0024AEB6 /* BarcodeScan.swift in Sources */,
				B63E38F12AF3867E0024AEB6 /* Screen6Submit.swift in Sources */,
				B62F88182AF355E50084C733 /* eDepositBagApp.swift in Sources */,
				2E81DB082AF86024004BD934 /* Departments.swift in Sources */,
			);
			runOnlyForDeploymentPostprocessing = 0;
		};
/* End PBXSourcesBuildPhase section */

/* Begin XCBuildConfiguration section */
		B62F88202AF355E50084C733 /* Debug */ = {
			isa = XCBuildConfiguration;
			buildSettings = {
				ALWAYS_SEARCH_USER_PATHS = NO;
				CLANG_ANALYZER_NONNULL = YES;
				CLANG_ANALYZER_NUMBER_OBJECT_CONVERSION = YES_AGGRESSIVE;
				CLANG_CXX_LANGUAGE_STANDARD = "gnu++20";
				CLANG_ENABLE_MODULES = YES;
				CLANG_ENABLE_OBJC_ARC = YES;
				CLANG_ENABLE_OBJC_WEAK = YES;
				CLANG_WARN_BLOCK_CAPTURE_AUTORELEASING = YES;
				CLANG_WARN_BOOL_CONVERSION = YES;
				CLANG_WARN_COMMA = YES;
				CLANG_WARN_CONSTANT_CONVERSION = YES;
				CLANG_WARN_DEPRECATED_OBJC_IMPLEMENTATIONS = YES;
				CLANG_WARN_DIRECT_OBJC_ISA_USAGE = YES_ERROR;
				CLANG_WARN_DOCUMENTATION_COMMENTS = YES;
				CLANG_WARN_EMPTY_BODY = YES;
				CLANG_WARN_ENUM_CONVERSION = YES;
				CLANG_WARN_INFINITE_RECURSION = YES;
				CLANG_WARN_INT_CONVERSION = YES;
				CLANG_WARN_NON_LITERAL_NULL_CONVERSION = YES;
				CLANG_WARN_OBJC_IMPLICIT_RETAIN_SELF = YES;
				CLANG_WARN_OBJC_LITERAL_CONVERSION = YES;
				CLANG_WARN_OBJC_ROOT_CLASS = YES_ERROR;
				CLANG_WARN_QUOTED_INCLUDE_IN_FRAMEWORK_HEADER = YES;
				CLANG_WARN_RANGE_LOOP_ANALYSIS = YES;
				CLANG_WARN_STRICT_PROTOTYPES = YES;
				CLANG_WARN_SUSPICIOUS_MOVE = YES;
				CLANG_WARN_UNGUARDED_AVAILABILITY = YES_AGGRESSIVE;
				CLANG_WARN_UNREACHABLE_CODE = YES;
				CLANG_WARN__DUPLICATE_METHOD_MATCH = YES;
				COPY_PHASE_STRIP = NO;
				DEBUG_INFORMATION_FORMAT = dwarf;
				ENABLE_STRICT_OBJC_MSGSEND = YES;
				ENABLE_TESTABILITY = YES;
				ENABLE_USER_SCRIPT_SANDBOXING = YES;
				GCC_C_LANGUAGE_STANDARD = gnu11;
				GCC_DYNAMIC_NO_PIC = NO;
				GCC_NO_COMMON_BLOCKS = YES;
				GCC_OPTIMIZATION_LEVEL = 0;
				GCC_PREPROCESSOR_DEFINITIONS = (
					"DEBUG=1",
					"$(inherited)",
				);
				GCC_WARN_64_TO_32_BIT_CONVERSION = YES;
				GCC_WARN_ABOUT_RETURN_TYPE = YES_ERROR;
				GCC_WARN_UNDECLARED_SELECTOR = YES;
				GCC_WARN_UNINITIALIZED_AUTOS = YES_AGGRESSIVE;
				GCC_WARN_UNUSED_FUNCTION = YES;
				GCC_WARN_UNUSED_VARIABLE = YES;
				IPHONEOS_DEPLOYMENT_TARGET = 16.4;
				MTL_ENABLE_DEBUG_INFO = INCLUDE_SOURCE;
				MTL_FAST_MATH = YES;
				ONLY_ACTIVE_ARCH = YES;
				SDKROOT = iphoneos;
				SWIFT_ACTIVE_COMPILATION_CONDITIONS = DEBUG;
				SWIFT_OPTIMIZATION_LEVEL = "-Onone";
			};
			name = Debug;
		};
		B62F88212AF355E50084C733 /* Release */ = {
			isa = XCBuildConfiguration;
			buildSettings = {
				ALWAYS_SEARCH_USER_PATHS = NO;
				CLANG_ANALYZER_NONNULL = YES;
				CLANG_ANALYZER_NUMBER_OBJECT_CONVERSION = YES_AGGRESSIVE;
				CLANG_CXX_LANGUAGE_STANDARD = "gnu++20";
				CLANG_ENABLE_MODULES = YES;
				CLANG_ENABLE_OBJC_ARC = YES;
				CLANG_ENABLE_OBJC_WEAK = YES;
				CLANG_WARN_BLOCK_CAPTURE_AUTORELEASING = YES;
				CLANG_WARN_BOOL_CONVERSION = YES;
				CLANG_WARN_COMMA = YES;
				CLANG_WARN_CONSTANT_CONVERSION = YES;
				CLANG_WARN_DEPRECATED_OBJC_IMPLEMENTATIONS = YES;
				CLANG_WARN_DIRECT_OBJC_ISA_USAGE = YES_ERROR;
				CLANG_WARN_DOCUMENTATION_COMMENTS = YES;
				CLANG_WARN_EMPTY_BODY = YES;
				CLANG_WARN_ENUM_CONVERSION = YES;
				CLANG_WARN_INFINITE_RECURSION = YES;
				CLANG_WARN_INT_CONVERSION = YES;
				CLANG_WARN_NON_LITERAL_NULL_CONVERSION = YES;
				CLANG_WARN_OBJC_IMPLICIT_RETAIN_SELF = YES;
				CLANG_WARN_OBJC_LITERAL_CONVERSION = YES;
				CLANG_WARN_OBJC_ROOT_CLASS = YES_ERROR;
				CLANG_WARN_QUOTED_INCLUDE_IN_FRAMEWORK_HEADER = YES;
				CLANG_WARN_RANGE_LOOP_ANALYSIS = YES;
				CLANG_WARN_STRICT_PROTOTYPES = YES;
				CLANG_WARN_SUSPICIOUS_MOVE = YES;
				CLANG_WARN_UNGUARDED_AVAILABILITY = YES_AGGRESSIVE;
				CLANG_WARN_UNREACHABLE_CODE = YES;
				CLANG_WARN__DUPLICATE_METHOD_MATCH = YES;
				COPY_PHASE_STRIP = NO;
				DEBUG_INFORMATION_FORMAT = "dwarf-with-dsym";
				ENABLE_NS_ASSERTIONS = NO;
				ENABLE_STRICT_OBJC_MSGSEND = YES;
				ENABLE_USER_SCRIPT_SANDBOXING = YES;
				GCC_C_LANGUAGE_STANDARD = gnu11;
				GCC_NO_COMMON_BLOCKS = YES;
				GCC_WARN_64_TO_32_BIT_CONVERSION = YES;
				GCC_WARN_ABOUT_RETURN_TYPE = YES_ERROR;
				GCC_WARN_UNDECLARED_SELECTOR = YES;
				GCC_WARN_UNINITIALIZED_AUTOS = YES_AGGRESSIVE;
				GCC_WARN_UNUSED_FUNCTION = YES;
				GCC_WARN_UNUSED_VARIABLE = YES;
				IPHONEOS_DEPLOYMENT_TARGET = 16.4;
				MTL_ENABLE_DEBUG_INFO = NO;
				MTL_FAST_MATH = YES;
				SDKROOT = iphoneos;
				SWIFT_COMPILATION_MODE = wholemodule;
				SWIFT_OPTIMIZATION_LEVEL = "-O";
				VALIDATE_PRODUCT = YES;
			};
			name = Release;
		};
		B62F88232AF355E50084C733 /* Debug */ = {
			isa = XCBuildConfiguration;
			buildSettings = {
				ASSETCATALOG_COMPILER_APPICON_NAME = AppIcon;
				ASSETCATALOG_COMPILER_GLOBAL_ACCENT_COLOR_NAME = AccentColor;
				CODE_SIGN_STYLE = Automatic;
				CURRENT_PROJECT_VERSION = 1;
				DEVELOPMENT_ASSET_PATHS = "\"eDepositBag/Preview Content\"";
				DEVELOPMENT_TEAM = U6J58C8CJT;
				ENABLE_PREVIEWS = YES;
				GENERATE_INFOPLIST_FILE = YES;
				INFOPLIST_KEY_NSCameraUsageDescription = "Needed to scan the barcodes";
				INFOPLIST_KEY_UIApplicationSceneManifest_Generation = YES;
				INFOPLIST_KEY_UIApplicationSupportsIndirectInputEvents = YES;
				INFOPLIST_KEY_UILaunchScreen_Generation = YES;
				INFOPLIST_KEY_UISupportedInterfaceOrientations_iPad = "UIInterfaceOrientationPortrait UIInterfaceOrientationPortraitUpsideDown UIInterfaceOrientationLandscapeLeft UIInterfaceOrientationLandscapeRight";
				INFOPLIST_KEY_UISupportedInterfaceOrientations_iPhone = "UIInterfaceOrientationPortrait UIInterfaceOrientationLandscapeLeft UIInterfaceOrientationLandscapeRight";
				LD_RUNPATH_SEARCH_PATHS = (
					"$(inherited)",
					"@executable_path/Frameworks",
				);
				MARKETING_VERSION = 1.0;
				PRODUCT_BUNDLE_IDENTIFIER = edu.duke.SilenceIsGolden.eDepositBag;
				PRODUCT_NAME = "$(TARGET_NAME)";
				SWIFT_EMIT_LOC_STRINGS = YES;
				SWIFT_VERSION = 5.0;
				TARGETED_DEVICE_FAMILY = "1,2";
			};
			name = Debug;
		};
		B62F88242AF355E50084C733 /* Release */ = {
			isa = XCBuildConfiguration;
			buildSettings = {
				ASSETCATALOG_COMPILER_APPICON_NAME = AppIcon;
				ASSETCATALOG_COMPILER_GLOBAL_ACCENT_COLOR_NAME = AccentColor;
				CODE_SIGN_STYLE = Automatic;
				CURRENT_PROJECT_VERSION = 1;
				DEVELOPMENT_ASSET_PATHS = "\"eDepositBag/Preview Content\"";
				DEVELOPMENT_TEAM = U6J58C8CJT;
				ENABLE_PREVIEWS = YES;
				GENERATE_INFOPLIST_FILE = YES;
				INFOPLIST_KEY_NSCameraUsageDescription = "Needed to scan the barcodes";
				INFOPLIST_KEY_UIApplicationSceneManifest_Generation = YES;
				INFOPLIST_KEY_UIApplicationSupportsIndirectInputEvents = YES;
				INFOPLIST_KEY_UILaunchScreen_Generation = YES;
				INFOPLIST_KEY_UISupportedInterfaceOrientations_iPad = "UIInterfaceOrientationPortrait UIInterfaceOrientationPortraitUpsideDown UIInterfaceOrientationLandscapeLeft UIInterfaceOrientationLandscapeRight";
				INFOPLIST_KEY_UISupportedInterfaceOrientations_iPhone = "UIInterfaceOrientationPortrait UIInterfaceOrientationLandscapeLeft UIInterfaceOrientationLandscapeRight";
				LD_RUNPATH_SEARCH_PATHS = (
					"$(inherited)",
					"@executable_path/Frameworks",
				);
				MARKETING_VERSION = 1.0;
				PRODUCT_BUNDLE_IDENTIFIER = edu.duke.SilenceIsGolden.eDepositBag;
				PRODUCT_NAME = "$(TARGET_NAME)";
				SWIFT_EMIT_LOC_STRINGS = YES;
				SWIFT_VERSION = 5.0;
				TARGETED_DEVICE_FAMILY = "1,2";
			};
			name = Release;
		};
/* End XCBuildConfiguration section */

/* Begin XCConfigurationList section */
		B62F880F2AF355E50084C733 /* Build configuration list for PBXProject "eDepositBag" */ = {
			isa = XCConfigurationList;
			buildConfigurations = (
				B62F88202AF355E50084C733 /* Debug */,
				B62F88212AF355E50084C733 /* Release */,
			);
			defaultConfigurationIsVisible = 0;
			defaultConfigurationName = Release;
		};
		B62F88222AF355E50084C733 /* Build configuration list for PBXNativeTarget "eDepositBag" */ = {
			isa = XCConfigurationList;
			buildConfigurations = (
				B62F88232AF355E50084C733 /* Debug */,
				B62F88242AF355E50084C733 /* Release */,
			);
			defaultConfigurationIsVisible = 0;
			defaultConfigurationName = Release;
		};
/* End XCConfigurationList section */
	};
	rootObject = B62F880C2AF355E50084C733 /* Project object */;
}
